
Microsoft Visual Studio Solution File, Format Version 12.00
# Visual Studio Version 17
VisualStudioVersion = 17.13.35931.197 d17.13
MinimumVisualStudioVersion = 10.0.40219.1
Project("{FAE04EC0-301F-11D3-BF4B-00C04F79EFBC}") = "CourseProjectApp", "CourseProjectApp\CourseProjectApp.csproj", "{486907B9-7E6A-4EF9-8F42-FE1B173C0CB3}"
EndProject
Project("{FAE04EC0-301F-11D3-BF4B-00C04F79EFBC}") = "CourseProjectLibrary", "CourseProjectLibrary\CourseProjectLibrary.csproj", "{29E58D46-C243-4664-B2FA-F8D372519F91}"
EndProject
Project("{FAE04EC0-301F-11D3-BF4B-00C04F79EFBC}") = "TransportationManagement", "TransportationManagement\TransportationManagement.csproj", "{DDFB0CE3-1375-4C89-A7A8-A3508D1730BF}"
EndProject
Global
	GlobalSection(SolutionConfigurationPlatforms) = preSolution
		Debug|Any CPU = Debug|Any CPU
		Release|Any CPU = Release|Any CPU
	EndGlobalSection
	GlobalSection(ProjectConfigurationPlatforms) = postSolution
		{486907B9-7E6A-4EF9-8F42-FE1B173C0CB3}.Debug|Any CPU.ActiveCfg = Debug|Any CPU
		{486907B9-7E6A-4EF9-8F42-FE1B173C0CB3}.Debug|Any CPU.Build.0 = Debug|Any CPU
		{486907B9-7E6A-4EF9-8F42-FE1B173C0CB3}.Release|Any CPU.ActiveCfg = Release|Any CPU
		{486907B9-7E6A-4EF9-8F42-FE1B173C0CB3}.Release|Any CPU.Build.0 = Release|Any CPU
		{29E58D46-C243-4664-B2FA-F8D372519F91}.Debug|Any CPU.ActiveCfg = Debug|Any CPU
		{29E58D46-C243-4664-B2FA-F8D372519F91}.Debug|Any CPU.Build.0 = Debug|Any CPU
		{29E58D46-C243-4664-B2FA-F8D372519F91}.Release|Any CPU.ActiveCfg = Release|Any CPU
		{29E58D46-C243-4664-B2FA-F8D372519F91}.Release|Any CPU.Build.0 = Release|Any CPU
		{DDFB0CE3-1375-4C89-A7A8-A3508D1730BF}.Debug|Any CPU.ActiveCfg = Debug|Any CPU
		{DDFB0CE3-1375-4C89-A7A8-A3508D1730BF}.Debug|Any CPU.Build.0 = Debug|Any CPU
		{DDFB0CE3-1375-4C89-A7A8-A3508D1730BF}.Release|Any CPU.ActiveCfg = Release|Any CPU
		{DDFB0CE3-1375-4C89-A7A8-A3508D1730BF}.Release|Any CPU.Build.0 = Release|Any CPU
	EndGlobalSection
	GlobalSection(SolutionProperties) = preSolution
		HideSolutionNode = FALSE
	EndGlobalSection
	GlobalSection(ExtensibilityGlobals) = postSolution
		SolutionGuid = {B1E3E7BF-CA11-4592-B69A-67FA52333CDD}
	EndGlobalSection
EndGlobal
